<?xml version="1.0" encoding="utf-8"?>
<Project ToolsVersion="4.0" xmlns="http://schemas.microsoft.com/developer/msbuild/2003">
  <ItemGroup>
    <Filter Include="Source Files">
      <UniqueIdentifier>{4FC737F1-C7A5-4376-A066-2A32D752A2FF}</UniqueIdentifier>
      <Extensions>cpp;c;cc;cxx;def;odl;idl;hpj;bat;asm;asmx</Extensions>
    </Filter>
    <Filter Include="Header Files">
      <UniqueIdentifier>{93995380-89BD-4b04-88EB-625FBE52EBFB}</UniqueIdentifier>
      <Extensions>h;hh;hpp;hxx;hm;inl;inc;xsd</Extensions>
    </Filter>
    <Filter Include="Resource Files">
      <UniqueIdentifier>{67DA6AB6-F800-4c08-8B7A-83BB121AAD01}</UniqueIdentifier>
      <Extensions>rc;ico;cur;bmp;dlg;rc2;rct;bin;rgs;gif;jpg;jpeg;jpe;resx;tiff;tif;png;wav;mfcribbon-ms</Extensions>
    </Filter>
    <Filter Include="Header Files\Shapes">
      <UniqueIdentifier>{2e3d6b43-f32c-4bc1-9e9d-b1f5fb9f239a}</UniqueIdentifier>
    </Filter>
    <Filter Include="Header Files\Matricies">
      <UniqueIdentifier>{75b56ad0-1192-4423-8e1d-cdec8a760ce1}</UniqueIdentifier>
    </Filter>
    <Filter Include="Header Files\Vectors">
      <UniqueIdentifier>{57c28bf7-792e-48ec-9f40-36a4a1df1b14}</UniqueIdentifier>
    </Filter>
    <Filter Include="Source Files\Matricies">
      <UniqueIdentifier>{1bc194d4-d41d-466e-860b-ba5ffba8ef35}</UniqueIdentifier>
    </Filter>
    <Filter Include="Source Files\Vectors">
      <UniqueIdentifier>{4542d155-fac6-4efe-8c59-0edd513fb96c}</UniqueIdentifier>
    </Filter>
    <Filter Include="Source Files\Shapes">
      <UniqueIdentifier>{a107ed4d-5a19-469e-8597-5fcff881a696}</UniqueIdentifier>
    </Filter>
    <Filter Include="Header Files\Collision">
      <UniqueIdentifier>{7b0aa03c-21e3-4302-99bb-1d58b4f02979}</UniqueIdentifier>
    </Filter>
    <Filter Include="Source Files\Collision">
      <UniqueIdentifier>{f074fdef-6184-469b-9a5e-2765cdf74a41}</UniqueIdentifier>
    </Filter>
    <Filter Include="Header Files\Components">
      <UniqueIdentifier>{0c5575d5-e4ad-4afc-b89a-875eac5ec097}</UniqueIdentifier>
    </Filter>
    <Filter Include="Source Files\Components">
      <UniqueIdentifier>{0cac3aa6-5dc1-41d4-a563-f08746312522}</UniqueIdentifier>
    </Filter>
  </ItemGroup>
  <ItemGroup>
    <ClCompile Include="Source.cpp">
      <Filter>Source Files</Filter>
    </ClCompile>
    <ClCompile Include="mat3.cpp">
      <Filter>Source Files\Matricies</Filter>
    </ClCompile>
    <ClCompile Include="mat4.cpp">
      <Filter>Source Files\Matricies</Filter>
    </ClCompile>
    <ClCompile Include="vec2.cpp">
      <Filter>Source Files\Vectors</Filter>
    </ClCompile>
    <ClCompile Include="vec3.cpp">
      <Filter>Source Files\Vectors</Filter>
    </ClCompile>
    <ClCompile Include="vec4.cpp">
      <Filter>Source Files\Vectors</Filter>
    </ClCompile>
    <ClCompile Include="Circle.cpp">
      <Filter>Source Files\Shapes</Filter>
    </ClCompile>
    <ClCompile Include="Rectangle.cpp">
      <Filter>Source Files\Shapes</Filter>
    </ClCompile>
    <ClCompile Include="Collision.cpp">
      <Filter>Source Files\Collision</Filter>
    </ClCompile>
    <ClCompile Include="Transform.cpp">
      <Filter>Source Files\Components</Filter>
    </ClCompile>
    <ClCompile Include="Ray2D.cpp">
      <Filter>Source Files</Filter>
    </ClCompile>
    <ClCompile Include="Plane2D.cpp">
      <Filter>Source Files</Filter>
    </ClCompile>
    <ClCompile Include="Component.cpp">
      <Filter>Source Files\Components</Filter>
    </ClCompile>
    <ClCompile Include="GameObjects.cpp">
      <Filter>Source Files\Components</Filter>
    </ClCompile>
    <ClCompile Include="RigidBody.cpp">
      <Filter>Source Files\Components</Filter>
    </ClCompile>
    <ClCompile Include="Collider.cpp">
      <Filter>Source Files\Components</Filter>
    </ClCompile>
    <ClCompile Include="Sprite.cpp">
      <Filter>Source Files\Components</Filter>
    </ClCompile>
    <ClCompile Include="LifeTime.cpp">
      <Filter>Source Files\Components</Filter>
    </ClCompile>
    <ClCompile Include="GameStates.cpp">
      <Filter>Source Files</Filter>
    </ClCompile>
  </ItemGroup>
  <ItemGroup>
    <ClInclude Include="vec2.h">
      <Filter>Header Files\Vectors</Filter>
    </ClInclude>
    <ClInclude Include="vec3.h">
      <Filter>Header Files\Vectors</Filter>
    </ClInclude>
    <ClInclude Include="vec4.h">
      <Filter>Header Files\Vectors</Filter>
    </ClInclude>
    <ClInclude Include="mat3.h">
      <Filter>Header Files\Matricies</Filter>
    </ClInclude>
    <ClInclude Include="mat4.h">
      <Filter>Header Files\Matricies</Filter>
    </ClInclude>
    <ClInclude Include="GCData.h">
      <Filter>Header Files</Filter>
    </ClInclude>
    <ClInclude Include="Circle.h">
      <Filter>Header Files\Shapes</Filter>
    </ClInclude>
    <ClInclude Include="Rectangle.h">
      <Filter>Header Files\Shapes</Filter>
    </ClInclude>
    <ClInclude Include="Collision.h">
      <Filter>Header Files\Collision</Filter>
    </ClInclude>
    <ClInclude Include="Transform.h">
      <Filter>Header Files\Components</Filter>
    </ClInclude>
    <ClInclude Include="Ray2D.h">
      <Filter>Header Files</Filter>
    </ClInclude>
    <ClInclude Include="Plane2D.h">
      <Filter>Header Files</Filter>
    </ClInclude>
    <ClInclude Include="Component.h">
      <Filter>Header Files\Components</Filter>
    </ClInclude>
    <ClInclude Include="GameObjects.h">
      <Filter>Header Files\Components</Filter>
    </ClInclude>
    <ClInclude Include="RigidBody.h">
      <Filter>Header Files\Components</Filter>
    </ClInclude>
    <ClInclude Include="Collider.h">
      <Filter>Header Files\Components</Filter>
    </ClInclude>
    <ClInclude Include="Sprite.h">
      <Filter>Header Files\Components</Filter>
    </ClInclude>
    <ClInclude Include="LifeTime.h">
      <Filter>Header Files\Components</Filter>
    </ClInclude>
    <ClInclude Include="GameStates.h">
      <Filter>Header Files</Filter>
    </ClInclude>
    <ClInclude Include="ObjectData.h">
      <Filter>Header Files</Filter>
    </ClInclude>
  </ItemGroup>
  <ItemGroup>
    <None Include="ClassDiagram.cd" />
  </ItemGroup>
</Project>